
Microsoft Visual Studio Solution File, Format Version 12.00
# Visual Studio Version 16
VisualStudioVersion = 16.0.31729.503
MinimumVisualStudioVersion = 10.0.40219.1
Project("{FAE04EC0-301F-11D3-BF4B-00C04F79EFBC}") = "hogwarts", "hogwarts\hogwarts.csproj", "{94E627CC-6199-4379-ACDE-D4EA73F024A6}"
EndProject
Global
	GlobalSection(SolutionConfigurationPlatforms) = preSolution
		Debug|Any CPU = Debug|Any CPU
		Release|Any CPU = Release|Any CPU
	EndGlobalSection
	GlobalSection(ProjectConfigurationPlatforms) = postSolution
		{94E627CC-6199-4379-ACDE-D4EA73F024A6}.Debug|Any CPU.ActiveCfg = Debug|Any CPU
		{94E627CC-6199-4379-ACDE-D4EA73F024A6}.Debug|Any CPU.Build.0 = Debug|Any CPU
		{94E627CC-6199-4379-ACDE-D4EA73F024A6}.Release|Any CPU.ActiveCfg = Release|Any CPU
		{94E627CC-6199-4379-ACDE-D4EA73F024A6}.Release|Any CPU.Build.0 = Release|Any CPU
	EndGlobalSection
	GlobalSection(SolutionProperties) = preSolution
		HideSolutionNode = FALSE
	EndGlobalSection
	GlobalSection(ExtensibilityGlobals) = postSolution
		SolutionGuid = {2C381BB2-D523-41A8-82F9-DB5868F6B3BF}
	EndGlobalSection
EndGlobal
